// !$*UTF8*$!
{
	archiveVersion = 1;
	classes = {
	};
	objectVersion = 50;
	objects = {

/* Begin PBXBuildFile section */
		21F5DE0A391BEB472A87C3C3 /* Pods_MobileAxess.framework in Frameworks */ = {isa = PBXBuildFile; fileRef = 715196FDC36C11CB6C6BB63B /* Pods_MobileAxess.framework */; };
		70EA45C22520997D0087DA7E /* AppDelegate.swift in Sources */ = {isa = PBXBuildFile; fileRef = 70EA45C12520997D0087DA7E /* AppDelegate.swift */; };
		70EA45C42520997D0087DA7E /* SceneDelegate.swift in Sources */ = {isa = PBXBuildFile; fileRef = 70EA45C32520997D0087DA7E /* SceneDelegate.swift */; };
		70EA45C62520997D0087DA7E /* ViewController.swift in Sources */ = {isa = PBXBuildFile; fileRef = 70EA45C52520997D0087DA7E /* ViewController.swift */; };
		70EA45C92520997D0087DA7E /* Main.storyboard in Resources */ = {isa = PBXBuildFile; fileRef = 70EA45C72520997D0087DA7E /* Main.storyboard */; };
		70EA45CB2520997E0087DA7E /* Assets.xcassets in Resources */ = {isa = PBXBuildFile; fileRef = 70EA45CA2520997E0087DA7E /* Assets.xcassets */; };
		70EA45CE2520997E0087DA7E /* LaunchScreen.storyboard in Resources */ = {isa = PBXBuildFile; fileRef = 70EA45CC2520997E0087DA7E /* LaunchScreen.storyboard */; };
		70EA45D92520997E0087DA7E /* MobileAxessTests.swift in Sources */ = {isa = PBXBuildFile; fileRef = 70EA45D82520997E0087DA7E /* MobileAxessTests.swift */; };
		ED61180465A1768C53B6AB7D /* Pods_MobileAxessTests.framework in Frameworks */ = {isa = PBXBuildFile; fileRef = D65F4F74FF44F4EDA837176E /* Pods_MobileAxessTests.framework */; };
/* End PBXBuildFile section */

/* Begin PBXContainerItemProxy section */
		70EA45D52520997E0087DA7E /* PBXContainerItemProxy */ = {
			isa = PBXContainerItemProxy;
			containerPortal = 70EA45B62520997D0087DA7E /* Project object */;
			proxyType = 1;
			remoteGlobalIDString = 70EA45BD2520997D0087DA7E;
			remoteInfo = MobileAxess;
		};
/* End PBXContainerItemProxy section */

/* Begin PBXFileReference section */
		70EA45BE2520997D0087DA7E /* MobileAxess.app */ = {isa = PBXFileReference; explicitFileType = wrapper.application; includeInIndex = 0; path = MobileAxess.app; sourceTree = BUILT_PRODUCTS_DIR; };
		70EA45C12520997D0087DA7E /* AppDelegate.swift */ = {isa = PBXFileReference; lastKnownFileType = sourcecode.swift; path = AppDelegate.swift; sourceTree = "<group>"; };
		70EA45C32520997D0087DA7E /* SceneDelegate.swift */ = {isa = PBXFileReference; lastKnownFileType = sourcecode.swift; path = SceneDelegate.swift; sourceTree = "<group>"; };
		70EA45C52520997D0087DA7E /* ViewController.swift */ = {isa = PBXFileReference; lastKnownFileType = sourcecode.swift; path = ViewController.swift; sourceTree = "<group>"; };
		70EA45C82520997D0087DA7E /* Base */ = {isa = PBXFileReference; lastKnownFileType = file.storyboard; name = Base; path = Base.lproj/Main.storyboard; sourceTree = "<group>"; };
		70EA45CA2520997E0087DA7E /* Assets.xcassets */ = {isa = PBXFileReference; lastKnownFileType = folder.assetcatalog; path = Assets.xcassets; sourceTree = "<group>"; };
		70EA45CD2520997E0087DA7E /* Base */ = {isa = PBXFileReference; lastKnownFileType = file.storyboard; name = Base; path = Base.lproj/LaunchScreen.storyboard; sourceTree = "<group>"; };
		70EA45CF2520997E0087DA7E /* Info.plist */ = {isa = PBXFileReference; lastKnownFileType = text.plist.xml; path = Info.plist; sourceTree = "<group>"; };
		70EA45D42520997E0087DA7E /* MobileAxessTests.xctest */ = {isa = PBXFileReference; explicitFileType = wrapper.cfbundle; includeInIndex = 0; path = MobileAxessTests.xctest; sourceTree = BUILT_PRODUCTS_DIR; };
		70EA45D82520997E0087DA7E /* MobileAxessTests.swift */ = {isa = PBXFileReference; lastKnownFileType = sourcecode.swift; path = MobileAxessTests.swift; sourceTree = "<group>"; };
		70EA45DA2520997E0087DA7E /* Info.plist */ = {isa = PBXFileReference; lastKnownFileType = text.plist.xml; path = Info.plist; sourceTree = "<group>"; };
		715196FDC36C11CB6C6BB63B /* Pods_MobileAxess.framework */ = {isa = PBXFileReference; explicitFileType = wrapper.framework; includeInIndex = 0; path = Pods_MobileAxess.framework; sourceTree = BUILT_PRODUCTS_DIR; };
		C346B7C0ED5BD7C77D1A52BC /* Pods-MobileAxess.debug.xcconfig */ = {isa = PBXFileReference; includeInIndex = 1; lastKnownFileType = text.xcconfig; name = "Pods-MobileAxess.debug.xcconfig"; path = "Target Support Files/Pods-MobileAxess/Pods-MobileAxess.debug.xcconfig"; sourceTree = "<group>"; };
		D65F4F74FF44F4EDA837176E /* Pods_MobileAxessTests.framework */ = {isa = PBXFileReference; explicitFileType = wrapper.framework; includeInIndex = 0; path = Pods_MobileAxessTests.framework; sourceTree = BUILT_PRODUCTS_DIR; };
		E407DD1E3BC7BFD85AA9DBDC /* Pods-MobileAxess.release.xcconfig */ = {isa = PBXFileReference; includeInIndex = 1; lastKnownFileType = text.xcconfig; name = "Pods-MobileAxess.release.xcconfig"; path = "Target Support Files/Pods-MobileAxess/Pods-MobileAxess.release.xcconfig"; sourceTree = "<group>"; };
		EF4194CDFA2E43ACACE2C507 /* Pods-MobileAxessTests.debug.xcconfig */ = {isa = PBXFileReference; includeInIndex = 1; lastKnownFileType = text.xcconfig; name = "Pods-MobileAxessTests.debug.xcconfig"; path = "Target Support Files/Pods-MobileAxessTests/Pods-MobileAxessTests.debug.xcconfig"; sourceTree = "<group>"; };
		FF87EB6826CCA49A77947A54 /* Pods-MobileAxessTests.release.xcconfig */ = {isa = PBXFileReference; includeInIndex = 1; lastKnownFileType = text.xcconfig; name = "Pods-MobileAxessTests.release.xcconfig"; path = "Target Support Files/Pods-MobileAxessTests/Pods-MobileAxessTests.release.xcconfig"; sourceTree = "<group>"; };
/* End PBXFileReference section */

/* Begin PBXFrameworksBuildPhase section */
		70EA45BB2520997D0087DA7E /* Frameworks */ = {
			isa = PBXFrameworksBuildPhase;
			buildActionMask = 2147483647;
			files = (
				21F5DE0A391BEB472A87C3C3 /* Pods_MobileAxess.framework in Frameworks */,
			);
			runOnlyForDeploymentPostprocessing = 0;
		};
		70EA45D12520997E0087DA7E /* Frameworks */ = {
			isa = PBXFrameworksBuildPhase;
			buildActionMask = 2147483647;
			files = (
				ED61180465A1768C53B6AB7D /* Pods_MobileAxessTests.framework in Frameworks */,
			);
			runOnlyForDeploymentPostprocessing = 0;
		};
/* End PBXFrameworksBuildPhase section */

/* Begin PBXGroup section */
		4515238A83711010DDDF229D /* Pods */ = {
			isa = PBXGroup;
			children = (
				C346B7C0ED5BD7C77D1A52BC /* Pods-MobileAxess.debug.xcconfig */,
				E407DD1E3BC7BFD85AA9DBDC /* Pods-MobileAxess.release.xcconfig */,
				EF4194CDFA2E43ACACE2C507 /* Pods-MobileAxessTests.debug.xcconfig */,
				FF87EB6826CCA49A77947A54 /* Pods-MobileAxessTests.release.xcconfig */,
			);
			name = Pods;
			path = Pods;
			sourceTree = "<group>";
		};
		4E1ABE0896E3F400D3F0E962 /* Frameworks */ = {
			isa = PBXGroup;
			children = (
				715196FDC36C11CB6C6BB63B /* Pods_MobileAxess.framework */,
				D65F4F74FF44F4EDA837176E /* Pods_MobileAxessTests.framework */,
			);
			name = Frameworks;
			sourceTree = "<group>";
		};
		70EA45B52520997D0087DA7E = {
			isa = PBXGroup;
			children = (
				70EA45C02520997D0087DA7E /* MobileAxess */,
				70EA45D72520997E0087DA7E /* MobileAxessTests */,
				70EA45BF2520997D0087DA7E /* Products */,
				4515238A83711010DDDF229D /* Pods */,
				4E1ABE0896E3F400D3F0E962 /* Frameworks */,
			);
			sourceTree = "<group>";
		};
		70EA45BF2520997D0087DA7E /* Products */ = {
			isa = PBXGroup;
			children = (
				70EA45BE2520997D0087DA7E /* MobileAxess.app */,
				70EA45D42520997E0087DA7E /* MobileAxessTests.xctest */,
			);
			name = Products;
			sourceTree = "<group>";
		};
		70EA45C02520997D0087DA7E /* MobileAxess */ = {
			isa = PBXGroup;
			children = (
				70EA45C12520997D0087DA7E /* AppDelegate.swift */,
				70EA45C32520997D0087DA7E /* SceneDelegate.swift */,
				70EA45C52520997D0087DA7E /* ViewController.swift */,
				70EA45C72520997D0087DA7E /* Main.storyboard */,
				70EA45CA2520997E0087DA7E /* Assets.xcassets */,
				70EA45CC2520997E0087DA7E /* LaunchScreen.storyboard */,
				70EA45CF2520997E0087DA7E /* Info.plist */,
			);
			path = MobileAxess;
			sourceTree = "<group>";
		};
		70EA45D72520997E0087DA7E /* MobileAxessTests */ = {
			isa = PBXGroup;
			children = (
				70EA45D82520997E0087DA7E /* MobileAxessTests.swift */,
				70EA45DA2520997E0087DA7E /* Info.plist */,
			);
			path = MobileAxessTests;
			sourceTree = "<group>";
		};
/* End PBXGroup section */

/* Begin PBXNativeTarget section */
		70EA45BD2520997D0087DA7E /* MobileAxess */ = {
			isa = PBXNativeTarget;
			buildConfigurationList = 70EA45DD2520997E0087DA7E /* Build configuration list for PBXNativeTarget "MobileAxess" */;
			buildPhases = (
				D48E3FDF2CFC3EAEB1931589 /* [CP] Check Pods Manifest.lock */,
				70EA45BA2520997D0087DA7E /* Sources */,
				70EA45BB2520997D0087DA7E /* Frameworks */,
				70EA45BC2520997D0087DA7E /* Resources */,
				8E7DE01FD65B333AD62B5209 /* [CP] Embed Pods Frameworks */,
			);
			buildRules = (
			);
			dependencies = (
			);
			name = MobileAxess;
			productName = MobileAxess;
			productReference = 70EA45BE2520997D0087DA7E /* MobileAxess.app */;
			productType = "com.apple.product-type.application";
		};
		70EA45D32520997E0087DA7E /* MobileAxessTests */ = {
			isa = PBXNativeTarget;
			buildConfigurationList = 70EA45E02520997E0087DA7E /* Build configuration list for PBXNativeTarget "MobileAxessTests" */;
			buildPhases = (
				19B08522D539228E4A6BE43E /* [CP] Check Pods Manifest.lock */,
				70EA45D02520997E0087DA7E /* Sources */,
				70EA45D12520997E0087DA7E /* Frameworks */,
				70EA45D22520997E0087DA7E /* Resources */,
				9345BC280887584762841050 /* [CP] Embed Pods Frameworks */,
			);
			buildRules = (
			);
			dependencies = (
				70EA45D62520997E0087DA7E /* PBXTargetDependency */,
			);
			name = MobileAxessTests;
			productName = MobileAxessTests;
			productReference = 70EA45D42520997E0087DA7E /* MobileAxessTests.xctest */;
			productType = "com.apple.product-type.bundle.unit-test";
		};
/* End PBXNativeTarget section */

/* Begin PBXProject section */
		70EA45B62520997D0087DA7E /* Project object */ = {
			isa = PBXProject;
			attributes = {
				LastSwiftUpdateCheck = 1160;
				LastUpgradeCheck = 1160;
				ORGANIZATIONNAME = "Anuj Vats";
				TargetAttributes = {
					70EA45BD2520997D0087DA7E = {
						CreatedOnToolsVersion = 11.6;
					};
					70EA45D32520997E0087DA7E = {
						CreatedOnToolsVersion = 11.6;
						TestTargetID = 70EA45BD2520997D0087DA7E;
					};
				};
			};
			buildConfigurationList = 70EA45B92520997D0087DA7E /* Build configuration list for PBXProject "MobileAxess" */;
			compatibilityVersion = "Xcode 9.3";
			developmentRegion = en;
			hasScannedForEncodings = 0;
			knownRegions = (
				en,
				Base,
			);
			mainGroup = 70EA45B52520997D0087DA7E;
			productRefGroup = 70EA45BF2520997D0087DA7E /* Products */;
			projectDirPath = "";
			projectRoot = "";
			targets = (
				70EA45BD2520997D0087DA7E /* MobileAxess */,
				70EA45D32520997E0087DA7E /* MobileAxessTests */,
			);
		};
/* End PBXProject section */

/* Begin PBXResourcesBuildPhase section */
		70EA45BC2520997D0087DA7E /* Resources */ = {
			isa = PBXResourcesBuildPhase;
			buildActionMask = 2147483647;
			files = (
				70EA45CE2520997E0087DA7E /* LaunchScreen.storyboard in Resources */,
				70EA45CB2520997E0087DA7E /* Assets.xcassets in Resources */,
				70EA45C92520997D0087DA7E /* Main.storyboard in Resources */,
			);
			runOnlyForDeploymentPostprocessing = 0;
		};
		70EA45D22520997E0087DA7E /* Resources */ = {
			isa = PBXResourcesBuildPhase;
			buildActionMask = 2147483647;
			files = (
			);
			runOnlyForDeploymentPostprocessing = 0;
		};
/* End PBXResourcesBuildPhase section */

/* Begin PBXShellScriptBuildPhase section */
		19B08522D539228E4A6BE43E /* [CP] Check Pods Manifest.lock */ = {
			isa = PBXShellScriptBuildPhase;
			buildActionMask = 2147483647;
			files = (
			);
			inputFileListPaths = (
			);
			inputPaths = (
				"${PODS_PODFILE_DIR_PATH}/Podfile.lock",
				"${PODS_ROOT}/Manifest.lock",
			);
			name = "[CP] Check Pods Manifest.lock";
			outputFileListPaths = (
			);
			outputPaths = (
				"$(DERIVED_FILE_DIR)/Pods-MobileAxessTests-checkManifestLockResult.txt",
			);
			runOnlyForDeploymentPostprocessing = 0;
			shellPath = /bin/sh;
			shellScript = "diff \"${PODS_PODFILE_DIR_PATH}/Podfile.lock\" \"${PODS_ROOT}/Manifest.lock\" > /dev/null\nif [ $? != 0 ] ; then\n    # print error to STDERR\n    echo \"error: The sandbox is not in sync with the Podfile.lock. Run 'pod install' or update your CocoaPods installation.\" >&2\n    exit 1\nfi\n# This output is used by Xcode 'outputs' to avoid re-running this script phase.\necho \"SUCCESS\" > \"${SCRIPT_OUTPUT_FILE_0}\"\n";
			showEnvVarsInLog = 0;
		};
		8E7DE01FD65B333AD62B5209 /* [CP] Embed Pods Frameworks */ = {
			isa = PBXShellScriptBuildPhase;
			buildActionMask = 2147483647;
			files = (
			);
			inputFileListPaths = (
				"${PODS_ROOT}/Target Support Files/Pods-MobileAxess/Pods-MobileAxess-frameworks-${CONFIGURATION}-input-files.xcfilelist",
			);
			name = "[CP] Embed Pods Frameworks";
			outputFileListPaths = (
				"${PODS_ROOT}/Target Support Files/Pods-MobileAxess/Pods-MobileAxess-frameworks-${CONFIGURATION}-output-files.xcfilelist",
			);
			runOnlyForDeploymentPostprocessing = 0;
			shellPath = /bin/sh;
			shellScript = "\"${PODS_ROOT}/Target Support Files/Pods-MobileAxess/Pods-MobileAxess-frameworks.sh\"\n";
			showEnvVarsInLog = 0;
		};
		9345BC280887584762841050 /* [CP] Embed Pods Frameworks */ = {
			isa = PBXShellScriptBuildPhase;
			buildActionMask = 2147483647;
			files = (
			);
			inputFileListPaths = (
				"${PODS_ROOT}/Target Support Files/Pods-MobileAxessTests/Pods-MobileAxessTests-frameworks-${CONFIGURATION}-input-files.xcfilelist",
			);
			name = "[CP] Embed Pods Frameworks";
			outputFileListPaths = (
				"${PODS_ROOT}/Target Support Files/Pods-MobileAxessTests/Pods-MobileAxessTests-frameworks-${CONFIGURATION}-output-files.xcfilelist",
			);
			runOnlyForDeploymentPostprocessing = 0;
			shellPath = /bin/sh;
			shellScript = "\"${PODS_ROOT}/Target Support Files/Pods-MobileAxessTests/Pods-MobileAxessTests-frameworks.sh\"\n";
			showEnvVarsInLog = 0;
		};
		D48E3FDF2CFC3EAEB1931589 /* [CP] Check Pods Manifest.lock */ = {
			isa = PBXShellScriptBuildPhase;
			buildActionMask = 2147483647;
			files = (
			);
			inputFileListPaths = (
			);
			inputPaths = (
				"${PODS_PODFILE_DIR_PATH}/Podfile.lock",
				"${PODS_ROOT}/Manifest.lock",
			);
			name = "[CP] Check Pods Manifest.lock";
			outputFileListPaths = (
			);
			outputPaths = (
				"$(DERIVED_FILE_DIR)/Pods-MobileAxess-checkManifestLockResult.txt",
			);
			runOnlyForDeploymentPostprocessing = 0;
			shellPath = /bin/sh;
			shellScript = "diff \"${PODS_PODFILE_DIR_PATH}/Podfile.lock\" \"${PODS_ROOT}/Manifest.lock\" > /dev/null\nif [ $? != 0 ] ; then\n    # print error to STDERR\n    echo \"error: The sandbox is not in sync with the Podfile.lock. Run 'pod install' or update your CocoaPods installation.\" >&2\n    exit 1\nfi\n# This output is used by Xcode 'outputs' to avoid re-running this script phase.\necho \"SUCCESS\" > \"${SCRIPT_OUTPUT_FILE_0}\"\n";
			showEnvVarsInLog = 0;
		};
/* End PBXShellScriptBuildPhase section */

/* Begin PBXSourcesBuildPhase section */
		70EA45BA2520997D0087DA7E /* Sources */ = {
			isa = PBXSourcesBuildPhase;
			buildActionMask = 2147483647;
			files = (
				70EA45C62520997D0087DA7E /* ViewController.swift in Sources */,
				70EA45C22520997D0087DA7E /* AppDelegate.swift in Sources */,
				70EA45C42520997D0087DA7E /* SceneDelegate.swift in Sources */,
			);
			runOnlyForDeploymentPostprocessing = 0;
		};
		70EA45D02520997E0087DA7E /* Sources */ = {
			isa = PBXSourcesBuildPhase;
			buildActionMask = 2147483647;
			files = (
				70EA45D92520997E0087DA7E /* MobileAxessTests.swift in Sources */,
			);
			runOnlyForDeploymentPostprocessing = 0;
		};
/* End PBXSourcesBuildPhase section */

/* Begin PBXTargetDependency section */
		70EA45D62520997E0087DA7E /* PBXTargetDependency */ = {
			isa = PBXTargetDependency;
			target = 70EA45BD2520997D0087DA7E /* MobileAxess */;
			targetProxy = 70EA45D52520997E0087DA7E /* PBXContainerItemProxy */;
		};
/* End PBXTargetDependency section */

/* Begin PBXVariantGroup section */
		70EA45C72520997D0087DA7E /* Main.storyboard */ = {
			isa = PBXVariantGroup;
			children = (
				70EA45C82520997D0087DA7E /* Base */,
			);
			name = Main.storyboard;
			sourceTree = "<group>";
		};
		70EA45CC2520997E0087DA7E /* LaunchScreen.storyboard */ = {
			isa = PBXVariantGroup;
			children = (
				70EA45CD2520997E0087DA7E /* Base */,
			);
			name = LaunchScreen.storyboard;
			sourceTree = "<group>";
		};
/* End PBXVariantGroup section */

/* Begin XCBuildConfiguration section */
		70EA45DB2520997E0087DA7E /* Debug */ = {
			isa = XCBuildConfiguration;
			buildSettings = {
				ALWAYS_SEARCH_USER_PATHS = NO;
				CLANG_ANALYZER_NONNULL = YES;
				CLANG_ANALYZER_NUMBER_OBJECT_CONVERSION = YES_AGGRESSIVE;
				CLANG_CXX_LANGUAGE_STANDARD = "gnu++14";
				CLANG_CXX_LIBRARY = "libc++";
				CLANG_ENABLE_MODULES = YES;
				CLANG_ENABLE_OBJC_ARC = YES;
				CLANG_ENABLE_OBJC_WEAK = YES;
				CLANG_WARN_BLOCK_CAPTURE_AUTORELEASING = YES;
				CLANG_WARN_BOOL_CONVERSION = YES;
				CLANG_WARN_COMMA = YES;
				CLANG_WARN_CONSTANT_CONVERSION = YES;
				CLANG_WARN_DEPRECATED_OBJC_IMPLEMENTATIONS = YES;
				CLANG_WARN_DIRECT_OBJC_ISA_USAGE = YES_ERROR;
				CLANG_WARN_DOCUMENTATION_COMMENTS = YES;
				CLANG_WARN_EMPTY_BODY = YES;
				CLANG_WARN_ENUM_CONVERSION = YES;
				CLANG_WARN_INFINITE_RECURSION = YES;
				CLANG_WARN_INT_CONVERSION = YES;
				CLANG_WARN_NON_LITERAL_NULL_CONVERSION = YES;
				CLANG_WARN_OBJC_IMPLICIT_RETAIN_SELF = YES;
				CLANG_WARN_OBJC_LITERAL_CONVERSION = YES;
				CLANG_WARN_OBJC_ROOT_CLASS = YES_ERROR;
				CLANG_WARN_RANGE_LOOP_ANALYSIS = YES;
				CLANG_WARN_STRICT_PROTOTYPES = YES;
				CLANG_WARN_SUSPICIOUS_MOVE = YES;
				CLANG_WARN_UNGUARDED_AVAILABILITY = YES_AGGRESSIVE;
				CLANG_WARN_UNREACHABLE_CODE = YES;
				CLANG_WARN__DUPLICATE_METHOD_MATCH = YES;
				COPY_PHASE_STRIP = NO;
				DEBUG_INFORMATION_FORMAT = dwarf;
				ENABLE_STRICT_OBJC_MSGSEND = YES;
				ENABLE_TESTABILITY = YES;
				GCC_C_LANGUAGE_STANDARD = gnu11;
				GCC_DYNAMIC_NO_PIC = NO;
				GCC_NO_COMMON_BLOCKS = YES;
				GCC_OPTIMIZATION_LEVEL = 0;
				GCC_PREPROCESSOR_DEFINITIONS = (
					"DEBUG=1",
					"$(inherited)",
				);
				GCC_WARN_64_TO_32_BIT_CONVERSION = YES;
				GCC_WARN_ABOUT_RETURN_TYPE = YES_ERROR;
				GCC_WARN_UNDECLARED_SELECTOR = YES;
				GCC_WARN_UNINITIALIZED_AUTOS = YES_AGGRESSIVE;
				GCC_WARN_UNUSED_FUNCTION = YES;
				GCC_WARN_UNUSED_VARIABLE = YES;
				IPHONEOS_DEPLOYMENT_TARGET = 13.6;
				MTL_ENABLE_DEBUG_INFO = INCLUDE_SOURCE;
				MTL_FAST_MATH = YES;
				ONLY_ACTIVE_ARCH = YES;
				SDKROOT = iphoneos;
				SWIFT_ACTIVE_COMPILATION_CONDITIONS = DEBUG;
				SWIFT_OPTIMIZATION_LEVEL = "-Onone";
			};
			name = Debug;
		};
		70EA45DC2520997E0087DA7E /* Release */ = {
			isa = XCBuildConfiguration;
			buildSettings = {
				ALWAYS_SEARCH_USER_PATHS = NO;
				CLANG_ANALYZER_NONNULL = YES;
				CLANG_ANALYZER_NUMBER_OBJECT_CONVERSION = YES_AGGRESSIVE;
				CLANG_CXX_LANGUAGE_STANDARD = "gnu++14";
				CLANG_CXX_LIBRARY = "libc++";
				CLANG_ENABLE_MODULES = YES;
				CLANG_ENABLE_OBJC_ARC = YES;
				CLANG_ENABLE_OBJC_WEAK = YES;
				CLANG_WARN_BLOCK_CAPTURE_AUTORELEASING = YES;
				CLANG_WARN_BOOL_CONVERSION = YES;
				CLANG_WARN_COMMA = YES;
				CLANG_WARN_CONSTANT_CONVERSION = YES;
				CLANG_WARN_DEPRECATED_OBJC_IMPLEMENTATIONS = YES;
				CLANG_WARN_DIRECT_OBJC_ISA_USAGE = YES_ERROR;
				CLANG_WARN_DOCUMENTATION_COMMENTS = YES;
				CLANG_WARN_EMPTY_BODY = YES;
				CLANG_WARN_ENUM_CONVERSION = YES;
				CLANG_WARN_INFINITE_RECURSION = YES;
				CLANG_WARN_INT_CONVERSION = YES;
				CLANG_WARN_NON_LITERAL_NULL_CONVERSION = YES;
				CLANG_WARN_OBJC_IMPLICIT_RETAIN_SELF = YES;
				CLANG_WARN_OBJC_LITERAL_CONVERSION = YES;
				CLANG_WARN_OBJC_ROOT_CLASS = YES_ERROR;
				CLANG_WARN_RANGE_LOOP_ANALYSIS = YES;
				CLANG_WARN_STRICT_PROTOTYPES = YES;
				CLANG_WARN_SUSPICIOUS_MOVE = YES;
				CLANG_WARN_UNGUARDED_AVAILABILITY = YES_AGGRESSIVE;
				CLANG_WARN_UNREACHABLE_CODE = YES;
				CLANG_WARN__DUPLICATE_METHOD_MATCH = YES;
				COPY_PHASE_STRIP = NO;
				DEBUG_INFORMATION_FORMAT = "dwarf-with-dsym";
				ENABLE_NS_ASSERTIONS = NO;
				ENABLE_STRICT_OBJC_MSGSEND = YES;
				GCC_C_LANGUAGE_STANDARD = gnu11;
				GCC_NO_COMMON_BLOCKS = YES;
				GCC_WARN_64_TO_32_BIT_CONVERSION = YES;
				GCC_WARN_ABOUT_RETURN_TYPE = YES_ERROR;
				GCC_WARN_UNDECLARED_SELECTOR = YES;
				GCC_WARN_UNINITIALIZED_AUTOS = YES_AGGRESSIVE;
				GCC_WARN_UNUSED_FUNCTION = YES;
				GCC_WARN_UNUSED_VARIABLE = YES;
				IPHONEOS_DEPLOYMENT_TARGET = 13.6;
				MTL_ENABLE_DEBUG_INFO = NO;
				MTL_FAST_MATH = YES;
				SDKROOT = iphoneos;
				SWIFT_COMPILATION_MODE = wholemodule;
				SWIFT_OPTIMIZATION_LEVEL = "-O";
				VALIDATE_PRODUCT = YES;
			};
			name = Release;
		};
		70EA45DE2520997E0087DA7E /* Debug */ = {
			isa = XCBuildConfiguration;
			baseConfigurationReference = C346B7C0ED5BD7C77D1A52BC /* Pods-MobileAxess.debug.xcconfig */;
			buildSettings = {
				ASSETCATALOG_COMPILER_APPICON_NAME = AppIcon;
				CODE_SIGN_STYLE = Automatic;
				INFOPLIST_FILE = MobileAxess/Info.plist;
				LD_RUNPATH_SEARCH_PATHS = (
					"$(inherited)",
					"@executable_path/Frameworks",
				);
				PRODUCT_BUNDLE_IDENTIFIER = com.anuj.MobileAxess;
				PRODUCT_NAME = "$(TARGET_NAME)";
				SWIFT_VERSION = 5.0;
				TARGETED_DEVICE_FAMILY = "1,2";
			};
			name = Debug;
		};
		70EA45DF2520997E0087DA7E /* Release */ = {
			isa = XCBuildConfiguration;
			baseConfigurationReference = E407DD1E3BC7BFD85AA9DBDC /* Pods-MobileAxess.release.xcconfig */;
			buildSettings = {
				ASSETCATALOG_COMPILER_APPICON_NAME = AppIcon;
				CODE_SIGN_STYLE = Automatic;
				INFOPLIST_FILE = MobileAxess/Info.plist;
				LD_RUNPATH_SEARCH_PATHS = (
					"$(inherited)",
					"@executable_path/Frameworks",
				);
				PRODUCT_BUNDLE_IDENTIFIER = com.anuj.MobileAxess;
				PRODUCT_NAME = "$(TARGET_NAME)";
				SWIFT_VERSION = 5.0;
				TARGETED_DEVICE_FAMILY = "1,2";
			};
			name = Release;
		};
		70EA45E12520997E0087DA7E /* Debug */ = {
			isa = XCBuildConfiguration;
			baseConfigurationReference = EF4194CDFA2E43ACACE2C507 /* Pods-MobileAxessTests.debug.xcconfig */;
			buildSettings = {
				ALWAYS_EMBED_SWIFT_STANDARD_LIBRARIES = YES;
				BUNDLE_LOADER = "$(TEST_HOST)";
				CODE_SIGN_STYLE = Automatic;
				INFOPLIST_FILE = MobileAxessTests/Info.plist;
				IPHONEOS_DEPLOYMENT_TARGET = 13.6;
				LD_RUNPATH_SEARCH_PATHS = (
					"$(inherited)",
					"@executable_path/Frameworks",
					"@loader_path/Frameworks",
				);
				PRODUCT_BUNDLE_IDENTIFIER = com.anuj.MobileAxessTests;
				PRODUCT_NAME = "$(TARGET_NAME)";
				SWIFT_VERSION = 5.0;
				TARGETED_DEVICE_FAMILY = "1,2";
				TEST_HOST = "$(BUILT_PRODUCTS_DIR)/MobileAxess.app/MobileAxess";
			};
			name = Debug;
		};
		70EA45E22520997E0087DA7E /* Release */ = {
			isa = XCBuildConfiguration;
			baseConfigurationReference = FF87EB6826CCA49A77947A54 /* Pods-MobileAxessTests.release.xcconfig */;
			buildSettings = {
				ALWAYS_EMBED_SWIFT_STANDARD_LIBRARIES = YES;
				BUNDLE_LOADER = "$(TEST_HOST)";
				CODE_SIGN_STYLE = Automatic;
				INFOPLIST_FILE = MobileAxessTests/Info.plist;
				IPHONEOS_DEPLOYMENT_TARGET = 13.6;
				LD_RUNPATH_SEARCH_PATHS = (
					"$(inherited)",
					"@executable_path/Frameworks",
					"@loader_path/Frameworks",
				);
				PRODUCT_BUNDLE_IDENTIFIER = com.anuj.MobileAxessTests;
				PRODUCT_NAME = "$(TARGET_NAME)";
				SWIFT_VERSION = 5.0;
				TARGETED_DEVICE_FAMILY = "1,2";
				TEST_HOST = "$(BUILT_PRODUCTS_DIR)/MobileAxess.app/MobileAxess";
			};
			name = Release;
		};
/* End XCBuildConfiguration section */

/* Begin XCConfigurationList section */
		70EA45B92520997D0087DA7E /* Build configuration list for PBXProject "MobileAxess" */ = {
			isa = XCConfigurationList;
			buildConfigurations = (
				70EA45DB2520997E0087DA7E /* Debug */,
				70EA45DC2520997E0087DA7E /* Release */,
			);
			defaultConfigurationIsVisible = 0;
			defaultConfigurationName = Release;
		};
		70EA45DD2520997E0087DA7E /* Build configuration list for PBXNativeTarget "MobileAxess" */ = {
			isa = XCConfigurationList;
			buildConfigurations = (
				70EA45DE2520997E0087DA7E /* Debug */,
				70EA45DF2520997E0087DA7E /* Release */,
			);
			defaultConfigurationIsVisible = 0;
			defaultConfigurationName = Release;
		};
		70EA45E02520997E0087DA7E /* Build configuration list for PBXNativeTarget "MobileAxessTests" */ = {
			isa = XCConfigurationList;
			buildConfigurations = (
				70EA45E12520997E0087DA7E /* Debug */,
				70EA45E22520997E0087DA7E /* Release */,
			);
			defaultConfigurationIsVisible = 0;
			defaultConfigurationName = Release;
		};
/* End XCConfigurationList section */
	};
	rootObject = 70EA45B62520997D0087DA7E /* Project object */;
}
